// !$*UTF8*$!
{
	archiveVersion = 1;
	classes = {
	};
	objectVersion = 56;
	objects = {

/* Begin PBXBuildFile section */
		7E0C0AAD29F95EB500A0567D /* EditButton.swift in Sources */ = {isa = PBXBuildFile; fileRef = 7E0C0AAC29F95EB500A0567D /* EditButton.swift */; };
		7E0C0AAF29F9617200A0567D /* RefreshButton.swift in Sources */ = {isa = PBXBuildFile; fileRef = 7E0C0AAE29F9617200A0567D /* RefreshButton.swift */; };
		7E0C0AB129F9624A00A0567D /* ToolbarStatus.swift in Sources */ = {isa = PBXBuildFile; fileRef = 7E0C0AB029F9624A00A0567D /* ToolbarStatus.swift */; };
		7E0C0AB329F964D100A0567D /* DeleteButton.swift in Sources */ = {isa = PBXBuildFile; fileRef = 7E0C0AB229F964D100A0567D /* DeleteButton.swift */; };
		7E17B9E729FA81130041B57D /* NSCache+Subscript.swift in Sources */ = {isa = PBXBuildFile; fileRef = 7E17B9E629FA81130041B57D /* NSCache+Subscript.swift */; };
		7E17B9E929FA81A80041B57D /* CacheEntryObject.swift in Sources */ = {isa = PBXBuildFile; fileRef = 7E17B9E829FA81A80041B57D /* CacheEntryObject.swift */; };
		7E17B9EB29FA81E40041B57D /* QuakeDetail.swift in Sources */ = {isa = PBXBuildFile; fileRef = 7E17B9EA29FA81E40041B57D /* QuakeDetail.swift */; };
		7E17B9ED29FA81F30041B57D /* Quake+Preview.swift in Sources */ = {isa = PBXBuildFile; fileRef = 7E17B9EC29FA81F30041B57D /* Quake+Preview.swift */; };
		7E17B9EF29FA87E80041B57D /* QuakeDetailMap.swift in Sources */ = {isa = PBXBuildFile; fileRef = 7E17B9EE29FA87E80041B57D /* QuakeDetailMap.swift */; };
		7EA56D8329F92328001537DC /* TestDownloader.swift in Sources */ = {isa = PBXBuildFile; fileRef = 7EC725CF29F9181A000C5580 /* TestDownloader.swift */; };
		7EA56D8429F92343001537DC /* TestData.swift in Sources */ = {isa = PBXBuildFile; fileRef = 7EF419B129F830E5006A46C3 /* TestData.swift */; };
		7EA56D8729F92464001537DC /* QuakeProvider.swift in Sources */ = {isa = PBXBuildFile; fileRef = 7EA56D8629F92464001537DC /* QuakeProvider.swift */; };
		7EA56D8929F9305A001537DC /* SelectButton.swift in Sources */ = {isa = PBXBuildFile; fileRef = 7EA56D8829F9305A001537DC /* SelectButton.swift */; };
		7EA56D8C29F938DA001537DC /* Quakes+Toolbar.swift in Sources */ = {isa = PBXBuildFile; fileRef = 7EA56D8B29F938DA001537DC /* Quakes+Toolbar.swift */; };
		7EC725CC29F915F2000C5580 /* QuakeClient.swift in Sources */ = {isa = PBXBuildFile; fileRef = 7EC725CB29F915F2000C5580 /* QuakeClient.swift */; };
		7EC725D629F91C5A000C5580 /* HTTPDataDownloader.swift in Sources */ = {isa = PBXBuildFile; fileRef = 7EC725C829F9142D000C5580 /* HTTPDataDownloader.swift */; };
		7EC725D729F91C63000C5580 /* HTTPDataDownloader.swift in Sources */ = {isa = PBXBuildFile; fileRef = 7EC725C829F9142D000C5580 /* HTTPDataDownloader.swift */; };
		7EC725D829F91C77000C5580 /* QuakeError.swift in Sources */ = {isa = PBXBuildFile; fileRef = 7EDC9DF429F80C030049F372 /* QuakeError.swift */; };
		7EDC9DE529F803B20049F372 /* EarthquakesApp.swift in Sources */ = {isa = PBXBuildFile; fileRef = 7EDC9DE429F803B20049F372 /* EarthquakesApp.swift */; };
		7EDC9DE729F803B20049F372 /* Quakes.swift in Sources */ = {isa = PBXBuildFile; fileRef = 7EDC9DE629F803B20049F372 /* Quakes.swift */; };
		7EDC9DE929F803B20049F372 /* Assets.xcassets in Resources */ = {isa = PBXBuildFile; fileRef = 7EDC9DE829F803B20049F372 /* Assets.xcassets */; };
		7EDC9DEC29F803B20049F372 /* Preview Assets.xcassets in Resources */ = {isa = PBXBuildFile; fileRef = 7EDC9DEB29F803B20049F372 /* Preview Assets.xcassets */; };
		7EDC9DF329F806E20049F372 /* Quake.swift in Sources */ = {isa = PBXBuildFile; fileRef = 7EDC9DF229F806E20049F372 /* Quake.swift */; };
		7EDC9DF529F80C030049F372 /* QuakeError.swift in Sources */ = {isa = PBXBuildFile; fileRef = 7EDC9DF429F80C030049F372 /* QuakeError.swift */; };
		7EDC9DFD29F80FA10049F372 /* EarthquakesTests.swift in Sources */ = {isa = PBXBuildFile; fileRef = 7EDC9DFC29F80FA10049F372 /* EarthquakesTests.swift */; };
		7EF419B529F8E107006A46C3 /* GeoJSON.swift in Sources */ = {isa = PBXBuildFile; fileRef = 7EF419B429F8E107006A46C3 /* GeoJSON.swift */; };
		7EF419B729F8EB07006A46C3 /* QuakeLocation.swift in Sources */ = {isa = PBXBuildFile; fileRef = 7EF419B629F8EB07006A46C3 /* QuakeLocation.swift */; };
		7EF419B929F98246006A46C3 /* QuakeRow.swift in Sources */ = {isa = PBXBuildFile; fileRef = 7EF419B829F98246006A46C3 /* QuakeRow.swift */; };
		7EF419BB29F983C5006A46C3 /* QuakeMagnitude.swift in Sources */ = {isa = PBXBuildFile; fileRef = 7EF419BA29F983C5006A46C3 /* QuakeMagnitude.swift */; };
		7EF419BD29F98579006A46C3 /* Quake+Color.swift in Sources */ = {isa = PBXBuildFile; fileRef = 7EF419BC29F98579006A46C3 /* Quake+Color.swift */; };
/* End PBXBuildFile section */

/* Begin PBXContainerItemProxy section */
		7EDC9DFE29F80FA10049F372 /* PBXContainerItemProxy */ = {
			isa = PBXContainerItemProxy;
			containerPortal = 7EDC9DD929F803B10049F372 /* Project object */;
			proxyType = 1;
			remoteGlobalIDString = 7EDC9DE029F803B10049F372;
			remoteInfo = Earthquakes;
		};
/* End PBXContainerItemProxy section */

/* Begin PBXFileReference section */
		7E0C0AAC29F95EB500A0567D /* EditButton.swift */ = {isa = PBXFileReference; lastKnownFileType = sourcecode.swift; path = EditButton.swift; sourceTree = "<group>"; };
		7E0C0AAE29F9617200A0567D /* RefreshButton.swift */ = {isa = PBXFileReference; lastKnownFileType = sourcecode.swift; path = RefreshButton.swift; sourceTree = "<group>"; };
		7E0C0AB029F9624A00A0567D /* ToolbarStatus.swift */ = {isa = PBXFileReference; lastKnownFileType = sourcecode.swift; path = ToolbarStatus.swift; sourceTree = "<group>"; };
		7E0C0AB229F964D100A0567D /* DeleteButton.swift */ = {isa = PBXFileReference; lastKnownFileType = sourcecode.swift; path = DeleteButton.swift; sourceTree = "<group>"; };
		7E17B9E629FA81130041B57D /* NSCache+Subscript.swift */ = {isa = PBXFileReference; lastKnownFileType = sourcecode.swift; path = "NSCache+Subscript.swift"; sourceTree = "<group>"; };
		7E17B9E829FA81A80041B57D /* CacheEntryObject.swift */ = {isa = PBXFileReference; lastKnownFileType = sourcecode.swift; path = CacheEntryObject.swift; sourceTree = "<group>"; };
		7E17B9EA29FA81E40041B57D /* QuakeDetail.swift */ = {isa = PBXFileReference; lastKnownFileType = sourcecode.swift; path = QuakeDetail.swift; sourceTree = "<group>"; };
		7E17B9EC29FA81F30041B57D /* Quake+Preview.swift */ = {isa = PBXFileReference; lastKnownFileType = sourcecode.swift; path = "Quake+Preview.swift"; sourceTree = "<group>"; };
		7E17B9EE29FA87E80041B57D /* QuakeDetailMap.swift */ = {isa = PBXFileReference; lastKnownFileType = sourcecode.swift; path = QuakeDetailMap.swift; sourceTree = "<group>"; };
		7EA56D8629F92464001537DC /* QuakeProvider.swift */ = {isa = PBXFileReference; lastKnownFileType = sourcecode.swift; path = QuakeProvider.swift; sourceTree = "<group>"; };
		7EA56D8829F9305A001537DC /* SelectButton.swift */ = {isa = PBXFileReference; lastKnownFileType = sourcecode.swift; path = SelectButton.swift; sourceTree = "<group>"; };
		7EA56D8B29F938DA001537DC /* Quakes+Toolbar.swift */ = {isa = PBXFileReference; lastKnownFileType = sourcecode.swift; path = "Quakes+Toolbar.swift"; sourceTree = "<group>"; };
		7EC725C829F9142D000C5580 /* HTTPDataDownloader.swift */ = {isa = PBXFileReference; lastKnownFileType = sourcecode.swift; path = HTTPDataDownloader.swift; sourceTree = "<group>"; };
		7EC725CB29F915F2000C5580 /* QuakeClient.swift */ = {isa = PBXFileReference; lastKnownFileType = sourcecode.swift; path = QuakeClient.swift; sourceTree = "<group>"; };
		7EC725CF29F9181A000C5580 /* TestDownloader.swift */ = {isa = PBXFileReference; lastKnownFileType = sourcecode.swift; path = TestDownloader.swift; sourceTree = "<group>"; };
		7EDC9DE129F803B10049F372 /* Earthquakes.app */ = {isa = PBXFileReference; explicitFileType = wrapper.application; includeInIndex = 0; path = Earthquakes.app; sourceTree = BUILT_PRODUCTS_DIR; };
		7EDC9DE429F803B20049F372 /* EarthquakesApp.swift */ = {isa = PBXFileReference; lastKnownFileType = sourcecode.swift; path = EarthquakesApp.swift; sourceTree = "<group>"; };
		7EDC9DE629F803B20049F372 /* Quakes.swift */ = {isa = PBXFileReference; lastKnownFileType = sourcecode.swift; path = Quakes.swift; sourceTree = "<group>"; };
		7EDC9DE829F803B20049F372 /* Assets.xcassets */ = {isa = PBXFileReference; lastKnownFileType = folder.assetcatalog; path = Assets.xcassets; sourceTree = "<group>"; };
		7EDC9DEB29F803B20049F372 /* Preview Assets.xcassets */ = {isa = PBXFileReference; lastKnownFileType = folder.assetcatalog; path = "Preview Assets.xcassets"; sourceTree = "<group>"; };
		7EDC9DF229F806E20049F372 /* Quake.swift */ = {isa = PBXFileReference; lastKnownFileType = sourcecode.swift; path = Quake.swift; sourceTree = "<group>"; };
		7EDC9DF429F80C030049F372 /* QuakeError.swift */ = {isa = PBXFileReference; lastKnownFileType = sourcecode.swift; path = QuakeError.swift; sourceTree = "<group>"; };
		7EDC9DFA29F80FA10049F372 /* EarthquakesTests.xctest */ = {isa = PBXFileReference; explicitFileType = wrapper.cfbundle; includeInIndex = 0; path = EarthquakesTests.xctest; sourceTree = BUILT_PRODUCTS_DIR; };
		7EDC9DFC29F80FA10049F372 /* EarthquakesTests.swift */ = {isa = PBXFileReference; lastKnownFileType = sourcecode.swift; path = EarthquakesTests.swift; sourceTree = "<group>"; };
		7EF419B129F830E5006A46C3 /* TestData.swift */ = {isa = PBXFileReference; lastKnownFileType = sourcecode.swift; path = TestData.swift; sourceTree = "<group>"; };
		7EF419B429F8E107006A46C3 /* GeoJSON.swift */ = {isa = PBXFileReference; lastKnownFileType = sourcecode.swift; path = GeoJSON.swift; sourceTree = "<group>"; };
		7EF419B629F8EB07006A46C3 /* QuakeLocation.swift */ = {isa = PBXFileReference; lastKnownFileType = sourcecode.swift; path = QuakeLocation.swift; sourceTree = "<group>"; };
		7EF419B829F98246006A46C3 /* QuakeRow.swift */ = {isa = PBXFileReference; lastKnownFileType = sourcecode.swift; path = QuakeRow.swift; sourceTree = "<group>"; };
		7EF419BA29F983C5006A46C3 /* QuakeMagnitude.swift */ = {isa = PBXFileReference; lastKnownFileType = sourcecode.swift; path = QuakeMagnitude.swift; sourceTree = "<group>"; };
		7EF419BC29F98579006A46C3 /* Quake+Color.swift */ = {isa = PBXFileReference; lastKnownFileType = sourcecode.swift; path = "Quake+Color.swift"; sourceTree = "<group>"; };
/* End PBXFileReference section */

/* Begin PBXFrameworksBuildPhase section */
		7EDC9DDE29F803B10049F372 /* Frameworks */ = {
			isa = PBXFrameworksBuildPhase;
			buildActionMask = 2147483647;
			files = (
			);
			runOnlyForDeploymentPostprocessing = 0;
		};
		7EDC9DF729F80FA10049F372 /* Frameworks */ = {
			isa = PBXFrameworksBuildPhase;
			buildActionMask = 2147483647;
			files = (
			);
			runOnlyForDeploymentPostprocessing = 0;
		};
/* End PBXFrameworksBuildPhase section */

/* Begin PBXGroup section */
		7E17B9E529FA80FC0041B57D /* Cache */ = {
			isa = PBXGroup;
			children = (
				7E17B9E629FA81130041B57D /* NSCache+Subscript.swift */,
				7E17B9E829FA81A80041B57D /* CacheEntryObject.swift */,
			);
			path = Cache;
			sourceTree = "<group>";
		};
		7EA56D8529F92439001537DC /* Views */ = {
			isa = PBXGroup;
			children = (
				7EA56D8A29F93891001537DC /* ToolbarContent */,
				7EDC9DE629F803B20049F372 /* Quakes.swift */,
				7EF419B829F98246006A46C3 /* QuakeRow.swift */,
				7EF419BA29F983C5006A46C3 /* QuakeMagnitude.swift */,
				7E17B9EA29FA81E40041B57D /* QuakeDetail.swift */,
				7E17B9EE29FA87E80041B57D /* QuakeDetailMap.swift */,
			);
			path = Views;
			sourceTree = "<group>";
		};
		7EA56D8A29F93891001537DC /* ToolbarContent */ = {
			isa = PBXGroup;
			children = (
				7EA56D8B29F938DA001537DC /* Quakes+Toolbar.swift */,
				7E0C0AB229F964D100A0567D /* DeleteButton.swift */,
				7E0C0AAE29F9617200A0567D /* RefreshButton.swift */,
				7E0C0AB029F9624A00A0567D /* ToolbarStatus.swift */,
				7EA56D8829F9305A001537DC /* SelectButton.swift */,
				7E0C0AAC29F95EB500A0567D /* EditButton.swift */,
			);
			path = ToolbarContent;
			sourceTree = "<group>";
		};
		7EC725CA29F915CD000C5580 /* Network */ = {
			isa = PBXGroup;
			children = (
				7EC725C829F9142D000C5580 /* HTTPDataDownloader.swift */,
				7EC725CB29F915F2000C5580 /* QuakeClient.swift */,
			);
			path = Network;
			sourceTree = "<group>";
		};
		7EDC9DD829F803B10049F372 = {
			isa = PBXGroup;
			children = (
				7EDC9DE329F803B10049F372 /* Earthquakes */,
				7EDC9DE229F803B10049F372 /* Products */,
			);
			sourceTree = "<group>";
		};
		7EDC9DE229F803B10049F372 /* Products */ = {
			isa = PBXGroup;
			children = (
				7EDC9DE129F803B10049F372 /* Earthquakes.app */,
				7EDC9DFA29F80FA10049F372 /* EarthquakesTests.xctest */,
			);
			name = Products;
			sourceTree = "<group>";
		};
		7EDC9DE329F803B10049F372 /* Earthquakes */ = {
			isa = PBXGroup;
			children = (
				7E17B9E529FA80FC0041B57D /* Cache */,
				7EDC9DE829F803B20049F372 /* Assets.xcassets */,
				7EA56D8529F92439001537DC /* Views */,
				7EC725CA29F915CD000C5580 /* Network */,
				7EF419B329F8E0D8006A46C3 /* Models */,
				7EDC9DE429F803B20049F372 /* EarthquakesApp.swift */,
				7EDC9DFB29F80FA10049F372 /* EarthquakesTests */,
				7EDC9DEA29F803B20049F372 /* Preview Content */,
				7EA56D8629F92464001537DC /* QuakeProvider.swift */,
			);
			path = Earthquakes;
			sourceTree = "<group>";
		};
		7EDC9DEA29F803B20049F372 /* Preview Content */ = {
			isa = PBXGroup;
			children = (
				7EF419B129F830E5006A46C3 /* TestData.swift */,
				7EDC9DEB29F803B20049F372 /* Preview Assets.xcassets */,
				7EC725CF29F9181A000C5580 /* TestDownloader.swift */,
			);
			path = "Preview Content";
			sourceTree = "<group>";
		};
		7EDC9DFB29F80FA10049F372 /* EarthquakesTests */ = {
			isa = PBXGroup;
			children = (
				7EDC9DFC29F80FA10049F372 /* EarthquakesTests.swift */,
			);
			path = EarthquakesTests;
			sourceTree = "<group>";
		};
		7EF419B329F8E0D8006A46C3 /* Models */ = {
			isa = PBXGroup;
			children = (
				7EDC9DF229F806E20049F372 /* Quake.swift */,
				7EDC9DF429F80C030049F372 /* QuakeError.swift */,
				7EF419B429F8E107006A46C3 /* GeoJSON.swift */,
				7EF419B629F8EB07006A46C3 /* QuakeLocation.swift */,
				7EF419BC29F98579006A46C3 /* Quake+Color.swift */,
				7E17B9EC29FA81F30041B57D /* Quake+Preview.swift */,
			);
			path = Models;
			sourceTree = "<group>";
		};
/* End PBXGroup section */

/* Begin PBXNativeTarget section */
		7EDC9DE029F803B10049F372 /* Earthquakes */ = {
			isa = PBXNativeTarget;
			buildConfigurationList = 7EDC9DEF29F803B20049F372 /* Build configuration list for PBXNativeTarget "Earthquakes" */;
			buildPhases = (
				7EDC9DDD29F803B10049F372 /* Sources */,
				7EDC9DDE29F803B10049F372 /* Frameworks */,
				7EDC9DDF29F803B10049F372 /* Resources */,
			);
			buildRules = (
			);
			dependencies = (
			);
			name = Earthquakes;
			productName = Earthquakes;
			productReference = 7EDC9DE129F803B10049F372 /* Earthquakes.app */;
			productType = "com.apple.product-type.application";
		};
		7EDC9DF929F80FA10049F372 /* EarthquakesTests */ = {
			isa = PBXNativeTarget;
			buildConfigurationList = 7EDC9E0029F80FA10049F372 /* Build configuration list for PBXNativeTarget "EarthquakesTests" */;
			buildPhases = (
				7EDC9DF629F80FA10049F372 /* Sources */,
				7EDC9DF729F80FA10049F372 /* Frameworks */,
				7EDC9DF829F80FA10049F372 /* Resources */,
			);
			buildRules = (
			);
			dependencies = (
				7EDC9DFF29F80FA10049F372 /* PBXTargetDependency */,
			);
			name = EarthquakesTests;
			productName = EarthquakesTests;
			productReference = 7EDC9DFA29F80FA10049F372 /* EarthquakesTests.xctest */;
			productType = "com.apple.product-type.bundle.unit-test";
		};
/* End PBXNativeTarget section */

/* Begin PBXProject section */
		7EDC9DD929F803B10049F372 /* Project object */ = {
			isa = PBXProject;
			attributes = {
				BuildIndependentTargetsInParallel = 1;
				LastSwiftUpdateCheck = 1420;
				LastUpgradeCheck = 1420;
				TargetAttributes = {
					7EDC9DE029F803B10049F372 = {
						CreatedOnToolsVersion = 14.2;
					};
					7EDC9DF929F80FA10049F372 = {
						CreatedOnToolsVersion = 14.2;
						TestTargetID = 7EDC9DE029F803B10049F372;
					};
				};
			};
			buildConfigurationList = 7EDC9DDC29F803B10049F372 /* Build configuration list for PBXProject "Earthquakes" */;
			compatibilityVersion = "Xcode 14.0";
			developmentRegion = en;
			hasScannedForEncodings = 0;
			knownRegions = (
				en,
				Base,
			);
			mainGroup = 7EDC9DD829F803B10049F372;
			productRefGroup = 7EDC9DE229F803B10049F372 /* Products */;
			projectDirPath = "";
			projectRoot = "";
			targets = (
				7EDC9DE029F803B10049F372 /* Earthquakes */,
				7EDC9DF929F80FA10049F372 /* EarthquakesTests */,
			);
		};
/* End PBXProject section */

/* Begin PBXResourcesBuildPhase section */
		7EDC9DDF29F803B10049F372 /* Resources */ = {
			isa = PBXResourcesBuildPhase;
			buildActionMask = 2147483647;
			files = (
				7EDC9DEC29F803B20049F372 /* Preview Assets.xcassets in Resources */,
				7EDC9DE929F803B20049F372 /* Assets.xcassets in Resources */,
			);
			runOnlyForDeploymentPostprocessing = 0;
		};
		7EDC9DF829F80FA10049F372 /* Resources */ = {
			isa = PBXResourcesBuildPhase;
			buildActionMask = 2147483647;
			files = (
			);
			runOnlyForDeploymentPostprocessing = 0;
		};
/* End PBXResourcesBuildPhase section */

/* Begin PBXSourcesBuildPhase section */
		7EDC9DDD29F803B10049F372 /* Sources */ = {
			isa = PBXSourcesBuildPhase;
			buildActionMask = 2147483647;
			files = (
				7EA56D8729F92464001537DC /* QuakeProvider.swift in Sources */,
				7EA56D8329F92328001537DC /* TestDownloader.swift in Sources */,
				7E17B9ED29FA81F30041B57D /* Quake+Preview.swift in Sources */,
				7EF419BB29F983C5006A46C3 /* QuakeMagnitude.swift in Sources */,
				7EF419B529F8E107006A46C3 /* GeoJSON.swift in Sources */,
				7E17B9EF29FA87E80041B57D /* QuakeDetailMap.swift in Sources */,
				7EC725CC29F915F2000C5580 /* QuakeClient.swift in Sources */,
				7EF419B929F98246006A46C3 /* QuakeRow.swift in Sources */,
				7EA56D8429F92343001537DC /* TestData.swift in Sources */,
				7E0C0AB129F9624A00A0567D /* ToolbarStatus.swift in Sources */,
				7EDC9DF529F80C030049F372 /* QuakeError.swift in Sources */,
				7EF419BD29F98579006A46C3 /* Quake+Color.swift in Sources */,
				7E0C0AB329F964D100A0567D /* DeleteButton.swift in Sources */,
				7EF419B729F8EB07006A46C3 /* QuakeLocation.swift in Sources */,
				7E17B9E729FA81130041B57D /* NSCache+Subscript.swift in Sources */,
				7E17B9EB29FA81E40041B57D /* QuakeDetail.swift in Sources */,
				7E0C0AAF29F9617200A0567D /* RefreshButton.swift in Sources */,
				7E17B9E929FA81A80041B57D /* CacheEntryObject.swift in Sources */,
				7EA56D8C29F938DA001537DC /* Quakes+Toolbar.swift in Sources */,
				7EC725D729F91C63000C5580 /* HTTPDataDownloader.swift in Sources */,
				7E0C0AAD29F95EB500A0567D /* EditButton.swift in Sources */,
				7EDC9DE729F803B20049F372 /* Quakes.swift in Sources */,
				7EA56D8929F9305A001537DC /* SelectButton.swift in Sources */,
				7EDC9DF329F806E20049F372 /* Quake.swift in Sources */,
				7EDC9DE529F803B20049F372 /* EarthquakesApp.swift in Sources */,
			);
			runOnlyForDeploymentPostprocessing = 0;
		};
		7EDC9DF629F80FA10049F372 /* Sources */ = {
			isa = PBXSourcesBuildPhase;
			buildActionMask = 2147483647;
			files = (
				7EC725D829F91C77000C5580 /* QuakeError.swift in Sources */,
				7EC725D629F91C5A000C5580 /* HTTPDataDownloader.swift in Sources */,
				7EDC9DFD29F80FA10049F372 /* EarthquakesTests.swift in Sources */,
			);
			runOnlyForDeploymentPostprocessing = 0;
		};
/* End PBXSourcesBuildPhase section */

/* Begin PBXTargetDependency section */
		7EDC9DFF29F80FA10049F372 /* PBXTargetDependency */ = {
			isa = PBXTargetDependency;
			target = 7EDC9DE029F803B10049F372 /* Earthquakes */;
			targetProxy = 7EDC9DFE29F80FA10049F372 /* PBXContainerItemProxy */;
		};
/* End PBXTargetDependency section */

/* Begin XCBuildConfiguration section */
		7EDC9DED29F803B20049F372 /* Debug */ = {
			isa = XCBuildConfiguration;
			buildSettings = {
				ALWAYS_SEARCH_USER_PATHS = NO;
				CLANG_ANALYZER_NONNULL = YES;
				CLANG_ANALYZER_NUMBER_OBJECT_CONVERSION = YES_AGGRESSIVE;
				CLANG_CXX_LANGUAGE_STANDARD = "gnu++20";
				CLANG_ENABLE_MODULES = YES;
				CLANG_ENABLE_OBJC_ARC = YES;
				CLANG_ENABLE_OBJC_WEAK = YES;
				CLANG_WARN_BLOCK_CAPTURE_AUTORELEASING = YES;
				CLANG_WARN_BOOL_CONVERSION = YES;
				CLANG_WARN_COMMA = YES;
				CLANG_WARN_CONSTANT_CONVERSION = YES;
				CLANG_WARN_DEPRECATED_OBJC_IMPLEMENTATIONS = YES;
				CLANG_WARN_DIRECT_OBJC_ISA_USAGE = YES_ERROR;
				CLANG_WARN_DOCUMENTATION_COMMENTS = YES;
				CLANG_WARN_EMPTY_BODY = YES;
				CLANG_WARN_ENUM_CONVERSION = YES;
				CLANG_WARN_INFINITE_RECURSION = YES;
				CLANG_WARN_INT_CONVERSION = YES;
				CLANG_WARN_NON_LITERAL_NULL_CONVERSION = YES;
				CLANG_WARN_OBJC_IMPLICIT_RETAIN_SELF = YES;
				CLANG_WARN_OBJC_LITERAL_CONVERSION = YES;
				CLANG_WARN_OBJC_ROOT_CLASS = YES_ERROR;
				CLANG_WARN_QUOTED_INCLUDE_IN_FRAMEWORK_HEADER = YES;
				CLANG_WARN_RANGE_LOOP_ANALYSIS = YES;
				CLANG_WARN_STRICT_PROTOTYPES = YES;
				CLANG_WARN_SUSPICIOUS_MOVE = YES;
				CLANG_WARN_UNGUARDED_AVAILABILITY = YES_AGGRESSIVE;
				CLANG_WARN_UNREACHABLE_CODE = YES;
				CLANG_WARN__DUPLICATE_METHOD_MATCH = YES;
				COPY_PHASE_STRIP = NO;
				DEBUG_INFORMATION_FORMAT = dwarf;
				ENABLE_STRICT_OBJC_MSGSEND = YES;
				ENABLE_TESTABILITY = YES;
				GCC_C_LANGUAGE_STANDARD = gnu11;
				GCC_DYNAMIC_NO_PIC = NO;
				GCC_NO_COMMON_BLOCKS = YES;
				GCC_OPTIMIZATION_LEVEL = 0;
				GCC_PREPROCESSOR_DEFINITIONS = (
					"DEBUG=1",
					"$(inherited)",
				);
				GCC_WARN_64_TO_32_BIT_CONVERSION = YES;
				GCC_WARN_ABOUT_RETURN_TYPE = YES_ERROR;
				GCC_WARN_UNDECLARED_SELECTOR = YES;
				GCC_WARN_UNINITIALIZED_AUTOS = YES_AGGRESSIVE;
				GCC_WARN_UNUSED_FUNCTION = YES;
				GCC_WARN_UNUSED_VARIABLE = YES;
				IPHONEOS_DEPLOYMENT_TARGET = 16.2;
				MTL_ENABLE_DEBUG_INFO = INCLUDE_SOURCE;
				MTL_FAST_MATH = YES;
				ONLY_ACTIVE_ARCH = YES;
				SDKROOT = iphoneos;
				SWIFT_ACTIVE_COMPILATION_CONDITIONS = DEBUG;
				SWIFT_OPTIMIZATION_LEVEL = "-Onone";
			};
			name = Debug;
		};
		7EDC9DEE29F803B20049F372 /* Release */ = {
			isa = XCBuildConfiguration;
			buildSettings = {
				ALWAYS_SEARCH_USER_PATHS = NO;
				CLANG_ANALYZER_NONNULL = YES;
				CLANG_ANALYZER_NUMBER_OBJECT_CONVERSION = YES_AGGRESSIVE;
				CLANG_CXX_LANGUAGE_STANDARD = "gnu++20";
				CLANG_ENABLE_MODULES = YES;
				CLANG_ENABLE_OBJC_ARC = YES;
				CLANG_ENABLE_OBJC_WEAK = YES;
				CLANG_WARN_BLOCK_CAPTURE_AUTORELEASING = YES;
				CLANG_WARN_BOOL_CONVERSION = YES;
				CLANG_WARN_COMMA = YES;
				CLANG_WARN_CONSTANT_CONVERSION = YES;
				CLANG_WARN_DEPRECATED_OBJC_IMPLEMENTATIONS = YES;
				CLANG_WARN_DIRECT_OBJC_ISA_USAGE = YES_ERROR;
				CLANG_WARN_DOCUMENTATION_COMMENTS = YES;
				CLANG_WARN_EMPTY_BODY = YES;
				CLANG_WARN_ENUM_CONVERSION = YES;
				CLANG_WARN_INFINITE_RECURSION = YES;
				CLANG_WARN_INT_CONVERSION = YES;
				CLANG_WARN_NON_LITERAL_NULL_CONVERSION = YES;
				CLANG_WARN_OBJC_IMPLICIT_RETAIN_SELF = YES;
				CLANG_WARN_OBJC_LITERAL_CONVERSION = YES;
				CLANG_WARN_OBJC_ROOT_CLASS = YES_ERROR;
				CLANG_WARN_QUOTED_INCLUDE_IN_FRAMEWORK_HEADER = YES;
				CLANG_WARN_RANGE_LOOP_ANALYSIS = YES;
				CLANG_WARN_STRICT_PROTOTYPES = YES;
				CLANG_WARN_SUSPICIOUS_MOVE = YES;
				CLANG_WARN_UNGUARDED_AVAILABILITY = YES_AGGRESSIVE;
				CLANG_WARN_UNREACHABLE_CODE = YES;
				CLANG_WARN__DUPLICATE_METHOD_MATCH = YES;
				COPY_PHASE_STRIP = NO;
				DEBUG_INFORMATION_FORMAT = "dwarf-with-dsym";
				ENABLE_NS_ASSERTIONS = NO;
				ENABLE_STRICT_OBJC_MSGSEND = YES;
				GCC_C_LANGUAGE_STANDARD = gnu11;
				GCC_NO_COMMON_BLOCKS = YES;
				GCC_WARN_64_TO_32_BIT_CONVERSION = YES;
				GCC_WARN_ABOUT_RETURN_TYPE = YES_ERROR;
				GCC_WARN_UNDECLARED_SELECTOR = YES;
				GCC_WARN_UNINITIALIZED_AUTOS = YES_AGGRESSIVE;
				GCC_WARN_UNUSED_FUNCTION = YES;
				GCC_WARN_UNUSED_VARIABLE = YES;
				IPHONEOS_DEPLOYMENT_TARGET = 16.2;
				MTL_ENABLE_DEBUG_INFO = NO;
				MTL_FAST_MATH = YES;
				SDKROOT = iphoneos;
				SWIFT_COMPILATION_MODE = wholemodule;
				SWIFT_OPTIMIZATION_LEVEL = "-O";
				VALIDATE_PRODUCT = YES;
			};
			name = Release;
		};
		7EDC9DF029F803B20049F372 /* Debug */ = {
			isa = XCBuildConfiguration;
			buildSettings = {
				ASSETCATALOG_COMPILER_APPICON_NAME = AppIcon;
				ASSETCATALOG_COMPILER_GLOBAL_ACCENT_COLOR_NAME = AccentColor;
				CODE_SIGN_STYLE = Automatic;
				CURRENT_PROJECT_VERSION = 1;
				DEVELOPMENT_ASSET_PATHS = "\"Earthquakes/Preview Content\"";
				DEVELOPMENT_TEAM = AD5TXCHUQ3;
				ENABLE_PREVIEWS = YES;
				GENERATE_INFOPLIST_FILE = YES;
				INFOPLIST_KEY_UIApplicationSceneManifest_Generation = YES;
				INFOPLIST_KEY_UIApplicationSupportsIndirectInputEvents = YES;
				INFOPLIST_KEY_UILaunchScreen_Generation = YES;
				INFOPLIST_KEY_UISupportedInterfaceOrientations_iPad = "UIInterfaceOrientationPortrait UIInterfaceOrientationPortraitUpsideDown UIInterfaceOrientationLandscapeLeft UIInterfaceOrientationLandscapeRight";
				INFOPLIST_KEY_UISupportedInterfaceOrientations_iPhone = "UIInterfaceOrientationPortrait UIInterfaceOrientationLandscapeLeft UIInterfaceOrientationLandscapeRight";
				LD_RUNPATH_SEARCH_PATHS = (
					"$(inherited)",
					"@executable_path/Frameworks",
				);
				MARKETING_VERSION = 1.0;
				PRODUCT_BUNDLE_IDENTIFIER = com.huylg.Earthquakes;
				PRODUCT_NAME = "$(TARGET_NAME)";
				SWIFT_EMIT_LOC_STRINGS = YES;
				SWIFT_VERSION = 5.0;
				TARGETED_DEVICE_FAMILY = "1,2";
			};
			name = Debug;
		};
		7EDC9DF129F803B20049F372 /* Release */ = {
			isa = XCBuildConfiguration;
			buildSettings = {
				ASSETCATALOG_COMPILER_APPICON_NAME = AppIcon;
				ASSETCATALOG_COMPILER_GLOBAL_ACCENT_COLOR_NAME = AccentColor;
				CODE_SIGN_STYLE = Automatic;
				CURRENT_PROJECT_VERSION = 1;
				DEVELOPMENT_ASSET_PATHS = "\"Earthquakes/Preview Content\"";
				DEVELOPMENT_TEAM = AD5TXCHUQ3;
				ENABLE_PREVIEWS = YES;
				GENERATE_INFOPLIST_FILE = YES;
				INFOPLIST_KEY_UIApplicationSceneManifest_Generation = YES;
				INFOPLIST_KEY_UIApplicationSupportsIndirectInputEvents = YES;
				INFOPLIST_KEY_UILaunchScreen_Generation = YES;
				INFOPLIST_KEY_UISupportedInterfaceOrientations_iPad = "UIInterfaceOrientationPortrait UIInterfaceOrientationPortraitUpsideDown UIInterfaceOrientationLandscapeLeft UIInterfaceOrientationLandscapeRight";
				INFOPLIST_KEY_UISupportedInterfaceOrientations_iPhone = "UIInterfaceOrientationPortrait UIInterfaceOrientationLandscapeLeft UIInterfaceOrientationLandscapeRight";
				LD_RUNPATH_SEARCH_PATHS = (
					"$(inherited)",
					"@executable_path/Frameworks",
				);
				MARKETING_VERSION = 1.0;
				PRODUCT_BUNDLE_IDENTIFIER = com.huylg.Earthquakes;
				PRODUCT_NAME = "$(TARGET_NAME)";
				SWIFT_EMIT_LOC_STRINGS = YES;
				SWIFT_VERSION = 5.0;
				TARGETED_DEVICE_FAMILY = "1,2";
			};
			name = Release;
		};
		7EDC9E0129F80FA10049F372 /* Debug */ = {
			isa = XCBuildConfiguration;
			buildSettings = {
				BUNDLE_LOADER = "$(TEST_HOST)";
				CODE_SIGN_STYLE = Automatic;
				CURRENT_PROJECT_VERSION = 1;
				DEVELOPMENT_TEAM = AD5TXCHUQ3;
				GENERATE_INFOPLIST_FILE = YES;
				MARKETING_VERSION = 1.0;
				PRODUCT_BUNDLE_IDENTIFIER = com.huylg.EarthquakesTests;
				PRODUCT_NAME = "$(TARGET_NAME)";
				SWIFT_EMIT_LOC_STRINGS = NO;
				SWIFT_VERSION = 5.0;
				TARGETED_DEVICE_FAMILY = "1,2";
				TEST_HOST = "$(BUILT_PRODUCTS_DIR)/Earthquakes.app/$(BUNDLE_EXECUTABLE_FOLDER_PATH)/Earthquakes";
			};
			name = Debug;
		};
		7EDC9E0229F80FA10049F372 /* Release */ = {
			isa = XCBuildConfiguration;
			buildSettings = {
				BUNDLE_LOADER = "$(TEST_HOST)";
				CODE_SIGN_STYLE = Automatic;
				CURRENT_PROJECT_VERSION = 1;
				DEVELOPMENT_TEAM = AD5TXCHUQ3;
				GENERATE_INFOPLIST_FILE = YES;
				MARKETING_VERSION = 1.0;
				PRODUCT_BUNDLE_IDENTIFIER = com.huylg.EarthquakesTests;
				PRODUCT_NAME = "$(TARGET_NAME)";
				SWIFT_EMIT_LOC_STRINGS = NO;
				SWIFT_VERSION = 5.0;
				TARGETED_DEVICE_FAMILY = "1,2";
				TEST_HOST = "$(BUILT_PRODUCTS_DIR)/Earthquakes.app/$(BUNDLE_EXECUTABLE_FOLDER_PATH)/Earthquakes";
			};
			name = Release;
		};
/* End XCBuildConfiguration section */

/* Begin XCConfigurationList section */
		7EDC9DDC29F803B10049F372 /* Build configuration list for PBXProject "Earthquakes" */ = {
			isa = XCConfigurationList;
			buildConfigurations = (
				7EDC9DED29F803B20049F372 /* Debug */,
				7EDC9DEE29F803B20049F372 /* Release */,
			);
			defaultConfigurationIsVisible = 0;
			defaultConfigurationName = Release;
		};
		7EDC9DEF29F803B20049F372 /* Build configuration list for PBXNativeTarget "Earthquakes" */ = {
			isa = XCConfigurationList;
			buildConfigurations = (
				7EDC9DF029F803B20049F372 /* Debug */,
				7EDC9DF129F803B20049F372 /* Release */,
			);
			defaultConfigurationIsVisible = 0;
			defaultConfigurationName = Release;
		};
		7EDC9E0029F80FA10049F372 /* Build configuration list for PBXNativeTarget "EarthquakesTests" */ = {
			isa = XCConfigurationList;
			buildConfigurations = (
				7EDC9E0129F80FA10049F372 /* Debug */,
				7EDC9E0229F80FA10049F372 /* Release */,
			);
			defaultConfigurationIsVisible = 0;
			defaultConfigurationName = Release;
		};
/* End XCConfigurationList section */
	};
	rootObject = 7EDC9DD929F803B10049F372 /* Project object */;
}
