// !$*UTF8*$!
{
	archiveVersion = 1;
	classes = {
	};
	objectVersion = 56;
	objects = {

/* Begin PBXBuildFile section */
		7EDC9DE529F803B20049F372 /* EarthquakesApp.swift in Sources */ = {isa = PBXBuildFile; fileRef = 7EDC9DE429F803B20049F372 /* EarthquakesApp.swift */; };
		7EDC9DE729F803B20049F372 /* ContentView.swift in Sources */ = {isa = PBXBuildFile; fileRef = 7EDC9DE629F803B20049F372 /* ContentView.swift */; };
		7EDC9DE929F803B20049F372 /* Assets.xcassets in Resources */ = {isa = PBXBuildFile; fileRef = 7EDC9DE829F803B20049F372 /* Assets.xcassets */; };
		7EDC9DEC29F803B20049F372 /* Preview Assets.xcassets in Resources */ = {isa = PBXBuildFile; fileRef = 7EDC9DEB29F803B20049F372 /* Preview Assets.xcassets */; };
		7EDC9DF329F806E20049F372 /* Quake.swift in Sources */ = {isa = PBXBuildFile; fileRef = 7EDC9DF229F806E20049F372 /* Quake.swift */; };
		7EDC9DF529F80C030049F372 /* QuakeError.swift in Sources */ = {isa = PBXBuildFile; fileRef = 7EDC9DF429F80C030049F372 /* QuakeError.swift */; };
		7EDC9DFD29F80FA10049F372 /* EarthquakesTests.swift in Sources */ = {isa = PBXBuildFile; fileRef = 7EDC9DFC29F80FA10049F372 /* EarthquakesTests.swift */; };
/* End PBXBuildFile section */

/* Begin PBXContainerItemProxy section */
		7EDC9DFE29F80FA10049F372 /* PBXContainerItemProxy */ = {
			isa = PBXContainerItemProxy;
			containerPortal = 7EDC9DD929F803B10049F372 /* Project object */;
			proxyType = 1;
			remoteGlobalIDString = 7EDC9DE029F803B10049F372;
			remoteInfo = Earthquakes;
		};
/* End PBXContainerItemProxy section */

/* Begin PBXFileReference section */
		7EDC9DE129F803B10049F372 /* Earthquakes.app */ = {isa = PBXFileReference; explicitFileType = wrapper.application; includeInIndex = 0; path = Earthquakes.app; sourceTree = BUILT_PRODUCTS_DIR; };
		7EDC9DE429F803B20049F372 /* EarthquakesApp.swift */ = {isa = PBXFileReference; lastKnownFileType = sourcecode.swift; path = EarthquakesApp.swift; sourceTree = "<group>"; };
		7EDC9DE629F803B20049F372 /* ContentView.swift */ = {isa = PBXFileReference; lastKnownFileType = sourcecode.swift; path = ContentView.swift; sourceTree = "<group>"; };
		7EDC9DE829F803B20049F372 /* Assets.xcassets */ = {isa = PBXFileReference; lastKnownFileType = folder.assetcatalog; path = Assets.xcassets; sourceTree = "<group>"; };
		7EDC9DEB29F803B20049F372 /* Preview Assets.xcassets */ = {isa = PBXFileReference; lastKnownFileType = folder.assetcatalog; path = "Preview Assets.xcassets"; sourceTree = "<group>"; };
		7EDC9DF229F806E20049F372 /* Quake.swift */ = {isa = PBXFileReference; lastKnownFileType = sourcecode.swift; path = Quake.swift; sourceTree = "<group>"; };
		7EDC9DF429F80C030049F372 /* QuakeError.swift */ = {isa = PBXFileReference; lastKnownFileType = sourcecode.swift; path = QuakeError.swift; sourceTree = "<group>"; };
		7EDC9DFA29F80FA10049F372 /* EarthquakesTests.xctest */ = {isa = PBXFileReference; explicitFileType = wrapper.cfbundle; includeInIndex = 0; path = EarthquakesTests.xctest; sourceTree = BUILT_PRODUCTS_DIR; };
		7EDC9DFC29F80FA10049F372 /* EarthquakesTests.swift */ = {isa = PBXFileReference; lastKnownFileType = sourcecode.swift; path = EarthquakesTests.swift; sourceTree = "<group>"; };
/* End PBXFileReference section */

/* Begin PBXFrameworksBuildPhase section */
		7EDC9DDE29F803B10049F372 /* Frameworks */ = {
			isa = PBXFrameworksBuildPhase;
			buildActionMask = 2147483647;
			files = (
			);
			runOnlyForDeploymentPostprocessing = 0;
		};
		7EDC9DF729F80FA10049F372 /* Frameworks */ = {
			isa = PBXFrameworksBuildPhase;
			buildActionMask = 2147483647;
			files = (
			);
			runOnlyForDeploymentPostprocessing = 0;
		};
/* End PBXFrameworksBuildPhase section */

/* Begin PBXGroup section */
		7EDC9DD829F803B10049F372 = {
			isa = PBXGroup;
			children = (
				7EDC9DE329F803B10049F372 /* Earthquakes */,
				7EDC9DFB29F80FA10049F372 /* EarthquakesTests */,
				7EDC9DE229F803B10049F372 /* Products */,
			);
			sourceTree = "<group>";
		};
		7EDC9DE229F803B10049F372 /* Products */ = {
			isa = PBXGroup;
			children = (
				7EDC9DE129F803B10049F372 /* Earthquakes.app */,
				7EDC9DFA29F80FA10049F372 /* EarthquakesTests.xctest */,
			);
			name = Products;
			sourceTree = "<group>";
		};
		7EDC9DE329F803B10049F372 /* Earthquakes */ = {
			isa = PBXGroup;
			children = (
				7EDC9DE429F803B20049F372 /* EarthquakesApp.swift */,
				7EDC9DE629F803B20049F372 /* ContentView.swift */,
				7EDC9DE829F803B20049F372 /* Assets.xcassets */,
				7EDC9DEA29F803B20049F372 /* Preview Content */,
				7EDC9DF229F806E20049F372 /* Quake.swift */,
				7EDC9DF429F80C030049F372 /* QuakeError.swift */,
			);
			path = Earthquakes;
			sourceTree = "<group>";
		};
		7EDC9DEA29F803B20049F372 /* Preview Content */ = {
			isa = PBXGroup;
			children = (
				7EDC9DEB29F803B20049F372 /* Preview Assets.xcassets */,
			);
			path = "Preview Content";
			sourceTree = "<group>";
		};
		7EDC9DFB29F80FA10049F372 /* EarthquakesTests */ = {
			isa = PBXGroup;
			children = (
				7EDC9DFC29F80FA10049F372 /* EarthquakesTests.swift */,
			);
			path = EarthquakesTests;
			sourceTree = "<group>";
		};
/* End PBXGroup section */

/* Begin PBXNativeTarget section */
		7EDC9DE029F803B10049F372 /* Earthquakes */ = {
			isa = PBXNativeTarget;
			buildConfigurationList = 7EDC9DEF29F803B20049F372 /* Build configuration list for PBXNativeTarget "Earthquakes" */;
			buildPhases = (
				7EDC9DDD29F803B10049F372 /* Sources */,
				7EDC9DDE29F803B10049F372 /* Frameworks */,
				7EDC9DDF29F803B10049F372 /* Resources */,
			);
			buildRules = (
			);
			dependencies = (
			);
			name = Earthquakes;
			productName = Earthquakes;
			productReference = 7EDC9DE129F803B10049F372 /* Earthquakes.app */;
			productType = "com.apple.product-type.application";
		};
		7EDC9DF929F80FA10049F372 /* EarthquakesTests */ = {
			isa = PBXNativeTarget;
			buildConfigurationList = 7EDC9E0029F80FA10049F372 /* Build configuration list for PBXNativeTarget "EarthquakesTests" */;
			buildPhases = (
				7EDC9DF629F80FA10049F372 /* Sources */,
				7EDC9DF729F80FA10049F372 /* Frameworks */,
				7EDC9DF829F80FA10049F372 /* Resources */,
			);
			buildRules = (
			);
			dependencies = (
				7EDC9DFF29F80FA10049F372 /* PBXTargetDependency */,
			);
			name = EarthquakesTests;
			productName = EarthquakesTests;
			productReference = 7EDC9DFA29F80FA10049F372 /* EarthquakesTests.xctest */;
			productType = "com.apple.product-type.bundle.unit-test";
		};
/* End PBXNativeTarget section */

/* Begin PBXProject section */
		7EDC9DD929F803B10049F372 /* Project object */ = {
			isa = PBXProject;
			attributes = {
				BuildIndependentTargetsInParallel = 1;
				LastSwiftUpdateCheck = 1420;
				LastUpgradeCheck = 1420;
				TargetAttributes = {
					7EDC9DE029F803B10049F372 = {
						CreatedOnToolsVersion = 14.2;
					};
					7EDC9DF929F80FA10049F372 = {
						CreatedOnToolsVersion = 14.2;
						TestTargetID = 7EDC9DE029F803B10049F372;
					};
				};
			};
			buildConfigurationList = 7EDC9DDC29F803B10049F372 /* Build configuration list for PBXProject "Earthquakes" */;
			compatibilityVersion = "Xcode 14.0";
			developmentRegion = en;
			hasScannedForEncodings = 0;
			knownRegions = (
				en,
				Base,
			);
			mainGroup = 7EDC9DD829F803B10049F372;
			productRefGroup = 7EDC9DE229F803B10049F372 /* Products */;
			projectDirPath = "";
			projectRoot = "";
			targets = (
				7EDC9DE029F803B10049F372 /* Earthquakes */,
				7EDC9DF929F80FA10049F372 /* EarthquakesTests */,
			);
		};
/* End PBXProject section */

/* Begin PBXResourcesBuildPhase section */
		7EDC9DDF29F803B10049F372 /* Resources */ = {
			isa = PBXResourcesBuildPhase;
			buildActionMask = 2147483647;
			files = (
				7EDC9DEC29F803B20049F372 /* Preview Assets.xcassets in Resources */,
				7EDC9DE929F803B20049F372 /* Assets.xcassets in Resources */,
			);
			runOnlyForDeploymentPostprocessing = 0;
		};
		7EDC9DF829F80FA10049F372 /* Resources */ = {
			isa = PBXResourcesBuildPhase;
			buildActionMask = 2147483647;
			files = (
			);
			runOnlyForDeploymentPostprocessing = 0;
		};
/* End PBXResourcesBuildPhase section */

/* Begin PBXSourcesBuildPhase section */
		7EDC9DDD29F803B10049F372 /* Sources */ = {
			isa = PBXSourcesBuildPhase;
			buildActionMask = 2147483647;
			files = (
				7EDC9DF529F80C030049F372 /* QuakeError.swift in Sources */,
				7EDC9DE729F803B20049F372 /* ContentView.swift in Sources */,
				7EDC9DF329F806E20049F372 /* Quake.swift in Sources */,
				7EDC9DE529F803B20049F372 /* EarthquakesApp.swift in Sources */,
			);
			runOnlyForDeploymentPostprocessing = 0;
		};
		7EDC9DF629F80FA10049F372 /* Sources */ = {
			isa = PBXSourcesBuildPhase;
			buildActionMask = 2147483647;
			files = (
				7EDC9DFD29F80FA10049F372 /* EarthquakesTests.swift in Sources */,
			);
			runOnlyForDeploymentPostprocessing = 0;
		};
/* End PBXSourcesBuildPhase section */

/* Begin PBXTargetDependency section */
		7EDC9DFF29F80FA10049F372 /* PBXTargetDependency */ = {
			isa = PBXTargetDependency;
			target = 7EDC9DE029F803B10049F372 /* Earthquakes */;
			targetProxy = 7EDC9DFE29F80FA10049F372 /* PBXContainerItemProxy */;
		};
/* End PBXTargetDependency section */

/* Begin XCBuildConfiguration section */
		7EDC9DED29F803B20049F372 /* Debug */ = {
			isa = XCBuildConfiguration;
			buildSettings = {
				ALWAYS_SEARCH_USER_PATHS = NO;
				CLANG_ANALYZER_NONNULL = YES;
				CLANG_ANALYZER_NUMBER_OBJECT_CONVERSION = YES_AGGRESSIVE;
				CLANG_CXX_LANGUAGE_STANDARD = "gnu++20";
				CLANG_ENABLE_MODULES = YES;
				CLANG_ENABLE_OBJC_ARC = YES;
				CLANG_ENABLE_OBJC_WEAK = YES;
				CLANG_WARN_BLOCK_CAPTURE_AUTORELEASING = YES;
				CLANG_WARN_BOOL_CONVERSION = YES;
				CLANG_WARN_COMMA = YES;
				CLANG_WARN_CONSTANT_CONVERSION = YES;
				CLANG_WARN_DEPRECATED_OBJC_IMPLEMENTATIONS = YES;
				CLANG_WARN_DIRECT_OBJC_ISA_USAGE = YES_ERROR;
				CLANG_WARN_DOCUMENTATION_COMMENTS = YES;
				CLANG_WARN_EMPTY_BODY = YES;
				CLANG_WARN_ENUM_CONVERSION = YES;
				CLANG_WARN_INFINITE_RECURSION = YES;
				CLANG_WARN_INT_CONVERSION = YES;
				CLANG_WARN_NON_LITERAL_NULL_CONVERSION = YES;
				CLANG_WARN_OBJC_IMPLICIT_RETAIN_SELF = YES;
				CLANG_WARN_OBJC_LITERAL_CONVERSION = YES;
				CLANG_WARN_OBJC_ROOT_CLASS = YES_ERROR;
				CLANG_WARN_QUOTED_INCLUDE_IN_FRAMEWORK_HEADER = YES;
				CLANG_WARN_RANGE_LOOP_ANALYSIS = YES;
				CLANG_WARN_STRICT_PROTOTYPES = YES;
				CLANG_WARN_SUSPICIOUS_MOVE = YES;
				CLANG_WARN_UNGUARDED_AVAILABILITY = YES_AGGRESSIVE;
				CLANG_WARN_UNREACHABLE_CODE = YES;
				CLANG_WARN__DUPLICATE_METHOD_MATCH = YES;
				COPY_PHASE_STRIP = NO;
				DEBUG_INFORMATION_FORMAT = dwarf;
				ENABLE_STRICT_OBJC_MSGSEND = YES;
				ENABLE_TESTABILITY = YES;
				GCC_C_LANGUAGE_STANDARD = gnu11;
				GCC_DYNAMIC_NO_PIC = NO;
				GCC_NO_COMMON_BLOCKS = YES;
				GCC_OPTIMIZATION_LEVEL = 0;
				GCC_PREPROCESSOR_DEFINITIONS = (
					"DEBUG=1",
					"$(inherited)",
				);
				GCC_WARN_64_TO_32_BIT_CONVERSION = YES;
				GCC_WARN_ABOUT_RETURN_TYPE = YES_ERROR;
				GCC_WARN_UNDECLARED_SELECTOR = YES;
				GCC_WARN_UNINITIALIZED_AUTOS = YES_AGGRESSIVE;
				GCC_WARN_UNUSED_FUNCTION = YES;
				GCC_WARN_UNUSED_VARIABLE = YES;
				IPHONEOS_DEPLOYMENT_TARGET = 16.2;
				MTL_ENABLE_DEBUG_INFO = INCLUDE_SOURCE;
				MTL_FAST_MATH = YES;
				ONLY_ACTIVE_ARCH = YES;
				SDKROOT = iphoneos;
				SWIFT_ACTIVE_COMPILATION_CONDITIONS = DEBUG;
				SWIFT_OPTIMIZATION_LEVEL = "-Onone";
			};
			name = Debug;
		};
		7EDC9DEE29F803B20049F372 /* Release */ = {
			isa = XCBuildConfiguration;
			buildSettings = {
				ALWAYS_SEARCH_USER_PATHS = NO;
				CLANG_ANALYZER_NONNULL = YES;
				CLANG_ANALYZER_NUMBER_OBJECT_CONVERSION = YES_AGGRESSIVE;
				CLANG_CXX_LANGUAGE_STANDARD = "gnu++20";
				CLANG_ENABLE_MODULES = YES;
				CLANG_ENABLE_OBJC_ARC = YES;
				CLANG_ENABLE_OBJC_WEAK = YES;
				CLANG_WARN_BLOCK_CAPTURE_AUTORELEASING = YES;
				CLANG_WARN_BOOL_CONVERSION = YES;
				CLANG_WARN_COMMA = YES;
				CLANG_WARN_CONSTANT_CONVERSION = YES;
				CLANG_WARN_DEPRECATED_OBJC_IMPLEMENTATIONS = YES;
				CLANG_WARN_DIRECT_OBJC_ISA_USAGE = YES_ERROR;
				CLANG_WARN_DOCUMENTATION_COMMENTS = YES;
				CLANG_WARN_EMPTY_BODY = YES;
				CLANG_WARN_ENUM_CONVERSION = YES;
				CLANG_WARN_INFINITE_RECURSION = YES;
				CLANG_WARN_INT_CONVERSION = YES;
				CLANG_WARN_NON_LITERAL_NULL_CONVERSION = YES;
				CLANG_WARN_OBJC_IMPLICIT_RETAIN_SELF = YES;
				CLANG_WARN_OBJC_LITERAL_CONVERSION = YES;
				CLANG_WARN_OBJC_ROOT_CLASS = YES_ERROR;
				CLANG_WARN_QUOTED_INCLUDE_IN_FRAMEWORK_HEADER = YES;
				CLANG_WARN_RANGE_LOOP_ANALYSIS = YES;
				CLANG_WARN_STRICT_PROTOTYPES = YES;
				CLANG_WARN_SUSPICIOUS_MOVE = YES;
				CLANG_WARN_UNGUARDED_AVAILABILITY = YES_AGGRESSIVE;
				CLANG_WARN_UNREACHABLE_CODE = YES;
				CLANG_WARN__DUPLICATE_METHOD_MATCH = YES;
				COPY_PHASE_STRIP = NO;
				DEBUG_INFORMATION_FORMAT = "dwarf-with-dsym";
				ENABLE_NS_ASSERTIONS = NO;
				ENABLE_STRICT_OBJC_MSGSEND = YES;
				GCC_C_LANGUAGE_STANDARD = gnu11;
				GCC_NO_COMMON_BLOCKS = YES;
				GCC_WARN_64_TO_32_BIT_CONVERSION = YES;
				GCC_WARN_ABOUT_RETURN_TYPE = YES_ERROR;
				GCC_WARN_UNDECLARED_SELECTOR = YES;
				GCC_WARN_UNINITIALIZED_AUTOS = YES_AGGRESSIVE;
				GCC_WARN_UNUSED_FUNCTION = YES;
				GCC_WARN_UNUSED_VARIABLE = YES;
				IPHONEOS_DEPLOYMENT_TARGET = 16.2;
				MTL_ENABLE_DEBUG_INFO = NO;
				MTL_FAST_MATH = YES;
				SDKROOT = iphoneos;
				SWIFT_COMPILATION_MODE = wholemodule;
				SWIFT_OPTIMIZATION_LEVEL = "-O";
				VALIDATE_PRODUCT = YES;
			};
			name = Release;
		};
		7EDC9DF029F803B20049F372 /* Debug */ = {
			isa = XCBuildConfiguration;
			buildSettings = {
				ASSETCATALOG_COMPILER_APPICON_NAME = AppIcon;
				ASSETCATALOG_COMPILER_GLOBAL_ACCENT_COLOR_NAME = AccentColor;
				CODE_SIGN_STYLE = Automatic;
				CURRENT_PROJECT_VERSION = 1;
				DEVELOPMENT_ASSET_PATHS = "\"Earthquakes/Preview Content\"";
				DEVELOPMENT_TEAM = AD5TXCHUQ3;
				ENABLE_PREVIEWS = YES;
				GENERATE_INFOPLIST_FILE = YES;
				INFOPLIST_KEY_UIApplicationSceneManifest_Generation = YES;
				INFOPLIST_KEY_UIApplicationSupportsIndirectInputEvents = YES;
				INFOPLIST_KEY_UILaunchScreen_Generation = YES;
				INFOPLIST_KEY_UISupportedInterfaceOrientations_iPad = "UIInterfaceOrientationPortrait UIInterfaceOrientationPortraitUpsideDown UIInterfaceOrientationLandscapeLeft UIInterfaceOrientationLandscapeRight";
				INFOPLIST_KEY_UISupportedInterfaceOrientations_iPhone = "UIInterfaceOrientationPortrait UIInterfaceOrientationLandscapeLeft UIInterfaceOrientationLandscapeRight";
				LD_RUNPATH_SEARCH_PATHS = (
					"$(inherited)",
					"@executable_path/Frameworks",
				);
				MARKETING_VERSION = 1.0;
				PRODUCT_BUNDLE_IDENTIFIER = com.huylg.Earthquakes;
				PRODUCT_NAME = "$(TARGET_NAME)";
				SWIFT_EMIT_LOC_STRINGS = YES;
				SWIFT_VERSION = 5.0;
				TARGETED_DEVICE_FAMILY = "1,2";
			};
			name = Debug;
		};
		7EDC9DF129F803B20049F372 /* Release */ = {
			isa = XCBuildConfiguration;
			buildSettings = {
				ASSETCATALOG_COMPILER_APPICON_NAME = AppIcon;
				ASSETCATALOG_COMPILER_GLOBAL_ACCENT_COLOR_NAME = AccentColor;
				CODE_SIGN_STYLE = Automatic;
				CURRENT_PROJECT_VERSION = 1;
				DEVELOPMENT_ASSET_PATHS = "\"Earthquakes/Preview Content\"";
				DEVELOPMENT_TEAM = AD5TXCHUQ3;
				ENABLE_PREVIEWS = YES;
				GENERATE_INFOPLIST_FILE = YES;
				INFOPLIST_KEY_UIApplicationSceneManifest_Generation = YES;
				INFOPLIST_KEY_UIApplicationSupportsIndirectInputEvents = YES;
				INFOPLIST_KEY_UILaunchScreen_Generation = YES;
				INFOPLIST_KEY_UISupportedInterfaceOrientations_iPad = "UIInterfaceOrientationPortrait UIInterfaceOrientationPortraitUpsideDown UIInterfaceOrientationLandscapeLeft UIInterfaceOrientationLandscapeRight";
				INFOPLIST_KEY_UISupportedInterfaceOrientations_iPhone = "UIInterfaceOrientationPortrait UIInterfaceOrientationLandscapeLeft UIInterfaceOrientationLandscapeRight";
				LD_RUNPATH_SEARCH_PATHS = (
					"$(inherited)",
					"@executable_path/Frameworks",
				);
				MARKETING_VERSION = 1.0;
				PRODUCT_BUNDLE_IDENTIFIER = com.huylg.Earthquakes;
				PRODUCT_NAME = "$(TARGET_NAME)";
				SWIFT_EMIT_LOC_STRINGS = YES;
				SWIFT_VERSION = 5.0;
				TARGETED_DEVICE_FAMILY = "1,2";
			};
			name = Release;
		};
		7EDC9E0129F80FA10049F372 /* Debug */ = {
			isa = XCBuildConfiguration;
			buildSettings = {
				BUNDLE_LOADER = "$(TEST_HOST)";
				CODE_SIGN_STYLE = Automatic;
				CURRENT_PROJECT_VERSION = 1;
				DEVELOPMENT_TEAM = AD5TXCHUQ3;
				GENERATE_INFOPLIST_FILE = YES;
				MARKETING_VERSION = 1.0;
				PRODUCT_BUNDLE_IDENTIFIER = com.huylg.EarthquakesTests;
				PRODUCT_NAME = "$(TARGET_NAME)";
				SWIFT_EMIT_LOC_STRINGS = NO;
				SWIFT_VERSION = 5.0;
				TARGETED_DEVICE_FAMILY = "1,2";
				TEST_HOST = "$(BUILT_PRODUCTS_DIR)/Earthquakes.app/$(BUNDLE_EXECUTABLE_FOLDER_PATH)/Earthquakes";
			};
			name = Debug;
		};
		7EDC9E0229F80FA10049F372 /* Release */ = {
			isa = XCBuildConfiguration;
			buildSettings = {
				BUNDLE_LOADER = "$(TEST_HOST)";
				CODE_SIGN_STYLE = Automatic;
				CURRENT_PROJECT_VERSION = 1;
				DEVELOPMENT_TEAM = AD5TXCHUQ3;
				GENERATE_INFOPLIST_FILE = YES;
				MARKETING_VERSION = 1.0;
				PRODUCT_BUNDLE_IDENTIFIER = com.huylg.EarthquakesTests;
				PRODUCT_NAME = "$(TARGET_NAME)";
				SWIFT_EMIT_LOC_STRINGS = NO;
				SWIFT_VERSION = 5.0;
				TARGETED_DEVICE_FAMILY = "1,2";
				TEST_HOST = "$(BUILT_PRODUCTS_DIR)/Earthquakes.app/$(BUNDLE_EXECUTABLE_FOLDER_PATH)/Earthquakes";
			};
			name = Release;
		};
/* End XCBuildConfiguration section */

/* Begin XCConfigurationList section */
		7EDC9DDC29F803B10049F372 /* Build configuration list for PBXProject "Earthquakes" */ = {
			isa = XCConfigurationList;
			buildConfigurations = (
				7EDC9DED29F803B20049F372 /* Debug */,
				7EDC9DEE29F803B20049F372 /* Release */,
			);
			defaultConfigurationIsVisible = 0;
			defaultConfigurationName = Release;
		};
		7EDC9DEF29F803B20049F372 /* Build configuration list for PBXNativeTarget "Earthquakes" */ = {
			isa = XCConfigurationList;
			buildConfigurations = (
				7EDC9DF029F803B20049F372 /* Debug */,
				7EDC9DF129F803B20049F372 /* Release */,
			);
			defaultConfigurationIsVisible = 0;
			defaultConfigurationName = Release;
		};
		7EDC9E0029F80FA10049F372 /* Build configuration list for PBXNativeTarget "EarthquakesTests" */ = {
			isa = XCConfigurationList;
			buildConfigurations = (
				7EDC9E0129F80FA10049F372 /* Debug */,
				7EDC9E0229F80FA10049F372 /* Release */,
			);
			defaultConfigurationIsVisible = 0;
			defaultConfigurationName = Release;
		};
/* End XCConfigurationList section */
	};
	rootObject = 7EDC9DD929F803B10049F372 /* Project object */;
}
